// !$*UTF8*$!
{
	archiveVersion = 1;
	classes = {
	};
	objectVersion = 50;
	objects = {

/* Begin PBXBuildFile section */
		22D5B56121332CC600392192 /* AppDelegate.swift in Sources */ = {isa = PBXBuildFile; fileRef = 22D5B56021332CC600392192 /* AppDelegate.swift */; };
		22D5B56321332CC600392192 /* WelcomeController.swift in Sources */ = {isa = PBXBuildFile; fileRef = 22D5B56221332CC600392192 /* WelcomeController.swift */; };
		22D5B56621332CC600392192 /* Main.storyboard in Resources */ = {isa = PBXBuildFile; fileRef = 22D5B56421332CC600392192 /* Main.storyboard */; };
		22D5B56821332CC800392192 /* Assets.xcassets in Resources */ = {isa = PBXBuildFile; fileRef = 22D5B56721332CC800392192 /* Assets.xcassets */; };
		22D5B56B21332CC800392192 /* LaunchScreen.storyboard in Resources */ = {isa = PBXBuildFile; fileRef = 22D5B56921332CC800392192 /* LaunchScreen.storyboard */; };
		22D5B5752133385F00392192 /* BorderButton.swift in Sources */ = {isa = PBXBuildFile; fileRef = 22D5B5742133385F00392192 /* BorderButton.swift */; };
		22D5B57821351B1A00392192 /* LeagueController.swift in Sources */ = {isa = PBXBuildFile; fileRef = 22D5B57721351B1A00392192 /* LeagueController.swift */; };
		22D5B57A21351B6600392192 /* SkillController.swift in Sources */ = {isa = PBXBuildFile; fileRef = 22D5B57921351B6600392192 /* SkillController.swift */; };
/* End PBXBuildFile section */

/* Begin PBXFileReference section */
		22D5B55D21332CC600392192 /* swoosh.app */ = {isa = PBXFileReference; explicitFileType = wrapper.application; includeInIndex = 0; path = swoosh.app; sourceTree = BUILT_PRODUCTS_DIR; };
		22D5B56021332CC600392192 /* AppDelegate.swift */ = {isa = PBXFileReference; lastKnownFileType = sourcecode.swift; path = AppDelegate.swift; sourceTree = "<group>"; };
		22D5B56221332CC600392192 /* WelcomeController.swift */ = {isa = PBXFileReference; lastKnownFileType = sourcecode.swift; path = WelcomeController.swift; sourceTree = "<group>"; };
		22D5B56521332CC600392192 /* Base */ = {isa = PBXFileReference; lastKnownFileType = file.storyboard; name = Base; path = Base.lproj/Main.storyboard; sourceTree = "<group>"; };
		22D5B56721332CC800392192 /* Assets.xcassets */ = {isa = PBXFileReference; lastKnownFileType = folder.assetcatalog; path = Assets.xcassets; sourceTree = "<group>"; };
		22D5B56A21332CC800392192 /* Base */ = {isa = PBXFileReference; lastKnownFileType = file.storyboard; name = Base; path = Base.lproj/LaunchScreen.storyboard; sourceTree = "<group>"; };
		22D5B56C21332CC800392192 /* Info.plist */ = {isa = PBXFileReference; lastKnownFileType = text.plist.xml; path = Info.plist; sourceTree = "<group>"; };
		22D5B5742133385F00392192 /* BorderButton.swift */ = {isa = PBXFileReference; lastKnownFileType = sourcecode.swift; path = BorderButton.swift; sourceTree = "<group>"; };
		22D5B57721351B1A00392192 /* LeagueController.swift */ = {isa = PBXFileReference; lastKnownFileType = sourcecode.swift; path = LeagueController.swift; sourceTree = "<group>"; };
		22D5B57921351B6600392192 /* SkillController.swift */ = {isa = PBXFileReference; lastKnownFileType = sourcecode.swift; path = SkillController.swift; sourceTree = "<group>"; };
/* End PBXFileReference section */

/* Begin PBXFrameworksBuildPhase section */
		22D5B55A21332CC600392192 /* Frameworks */ = {
			isa = PBXFrameworksBuildPhase;
			buildActionMask = 2147483647;
			files = (
			);
			runOnlyForDeploymentPostprocessing = 0;
		};
/* End PBXFrameworksBuildPhase section */

/* Begin PBXGroup section */
		22D5B55421332CC600392192 = {
			isa = PBXGroup;
			children = (
				22D5B55F21332CC600392192 /* swoosh */,
				22D5B55E21332CC600392192 /* Products */,
			);
			sourceTree = "<group>";
		};
		22D5B55E21332CC600392192 /* Products */ = {
			isa = PBXGroup;
			children = (
				22D5B55D21332CC600392192 /* swoosh.app */,
			);
			name = Products;
			sourceTree = "<group>";
		};
		22D5B55F21332CC600392192 /* swoosh */ = {
			isa = PBXGroup;
			children = (
				22D5B56021332CC600392192 /* AppDelegate.swift */,
				22D5B57621351AF200392192 /* Model */,
				22D5B57221332D9000392192 /* Controller */,
				22D5B57321332DB900392192 /* View */,
				22D5B56721332CC800392192 /* Assets.xcassets */,
				22D5B56C21332CC800392192 /* Info.plist */,
			);
			path = swoosh;
			sourceTree = "<group>";
		};
		22D5B57221332D9000392192 /* Controller */ = {
			isa = PBXGroup;
			children = (
				22D5B56221332CC600392192 /* WelcomeController.swift */,
				22D5B57721351B1A00392192 /* LeagueController.swift */,
				22D5B57921351B6600392192 /* SkillController.swift */,
			);
			path = Controller;
			sourceTree = "<group>";
		};
		22D5B57321332DB900392192 /* View */ = {
			isa = PBXGroup;
			children = (
				22D5B56421332CC600392192 /* Main.storyboard */,
				22D5B5742133385F00392192 /* BorderButton.swift */,
				22D5B56921332CC800392192 /* LaunchScreen.storyboard */,
			);
			path = View;
			sourceTree = "<group>";
		};
		22D5B57621351AF200392192 /* Model */ = {
			isa = PBXGroup;
			children = (
			);
			path = Model;
			sourceTree = "<group>";
		};
/* End PBXGroup section */

/* Begin PBXNativeTarget section */
		22D5B55C21332CC600392192 /* swoosh */ = {
			isa = PBXNativeTarget;
			buildConfigurationList = 22D5B56F21332CC800392192 /* Build configuration list for PBXNativeTarget "swoosh" */;
			buildPhases = (
				22D5B55921332CC600392192 /* Sources */,
				22D5B55A21332CC600392192 /* Frameworks */,
				22D5B55B21332CC600392192 /* Resources */,
			);
			buildRules = (
			);
			dependencies = (
			);
			name = swoosh;
			productName = swoosh;
			productReference = 22D5B55D21332CC600392192 /* swoosh.app */;
			productType = "com.apple.product-type.application";
		};
/* End PBXNativeTarget section */

/* Begin PBXProject section */
		22D5B55521332CC600392192 /* Project object */ = {
			isa = PBXProject;
			attributes = {
				LastSwiftUpdateCheck = 0940;
				LastUpgradeCheck = 0940;
				ORGANIZATIONNAME = stage0x02;
				TargetAttributes = {
					22D5B55C21332CC600392192 = {
						CreatedOnToolsVersion = 9.4.1;
					};
				};
			};
			buildConfigurationList = 22D5B55821332CC600392192 /* Build configuration list for PBXProject "swoosh" */;
			compatibilityVersion = "Xcode 9.3";
			developmentRegion = en;
			hasScannedForEncodings = 0;
			knownRegions = (
				en,
				Base,
			);
			mainGroup = 22D5B55421332CC600392192;
			productRefGroup = 22D5B55E21332CC600392192 /* Products */;
			projectDirPath = "";
			projectRoot = "";
			targets = (
				22D5B55C21332CC600392192 /* swoosh */,
			);
		};
/* End PBXProject section */

/* Begin PBXResourcesBuildPhase section */
		22D5B55B21332CC600392192 /* Resources */ = {
			isa = PBXResourcesBuildPhase;
			buildActionMask = 2147483647;
			files = (
				22D5B56B21332CC800392192 /* LaunchScreen.storyboard in Resources */,
				22D5B56821332CC800392192 /* Assets.xcassets in Resources */,
				22D5B56621332CC600392192 /* Main.storyboard in Resources */,
			);
			runOnlyForDeploymentPostprocessing = 0;
		};
/* End PBXResourcesBuildPhase section */

/* Begin PBXSourcesBuildPhase section */
		22D5B55921332CC600392192 /* Sources */ = {
			isa = PBXSourcesBuildPhase;
			buildActionMask = 2147483647;
			files = (
				22D5B56321332CC600392192 /* WelcomeController.swift in Sources */,
				22D5B57821351B1A00392192 /* LeagueController.swift in Sources */,
				22D5B56121332CC600392192 /* AppDelegate.swift in Sources */,
				22D5B57A21351B6600392192 /* SkillController.swift in Sources */,
				22D5B5752133385F00392192 /* BorderButton.swift in Sources */,
			);
			runOnlyForDeploymentPostprocessing = 0;
		};
/* End PBXSourcesBuildPhase section */

/* Begin PBXVariantGroup section */
		22D5B56421332CC600392192 /* Main.storyboard */ = {
			isa = PBXVariantGroup;
			children = (
				22D5B56521332CC600392192 /* Base */,
			);
			name = Main.storyboard;
			sourceTree = "<group>";
		};
		22D5B56921332CC800392192 /* LaunchScreen.storyboard */ = {
			isa = PBXVariantGroup;
			children = (
				22D5B56A21332CC800392192 /* Base */,
			);
			name = LaunchScreen.storyboard;
			sourceTree = "<group>";
		};
/* End PBXVariantGroup section */

/* Begin XCBuildConfiguration section */
		22D5B56D21332CC800392192 /* Debug */ = {
			isa = XCBuildConfiguration;
			buildSettings = {
				ALWAYS_SEARCH_USER_PATHS = NO;
				CLANG_ANALYZER_NONNULL = YES;
				CLANG_ANALYZER_NUMBER_OBJECT_CONVERSION = YES_AGGRESSIVE;
				CLANG_CXX_LANGUAGE_STANDARD = "gnu++14";
				CLANG_CXX_LIBRARY = "libc++";
				CLANG_ENABLE_MODULES = YES;
				CLANG_ENABLE_OBJC_ARC = YES;
				CLANG_ENABLE_OBJC_WEAK = YES;
				CLANG_WARN_BLOCK_CAPTURE_AUTORELEASING = YES;
				CLANG_WARN_BOOL_CONVERSION = YES;
				CLANG_WARN_COMMA = YES;
				CLANG_WARN_CONSTANT_CONVERSION = YES;
				CLANG_WARN_DEPRECATED_OBJC_IMPLEMENTATIONS = YES;
				CLANG_WARN_DIRECT_OBJC_ISA_USAGE = YES_ERROR;
				CLANG_WARN_DOCUMENTATION_COMMENTS = YES;
				CLANG_WARN_EMPTY_BODY = YES;
				CLANG_WARN_ENUM_CONVERSION = YES;
				CLANG_WARN_INFINITE_RECURSION = YES;
				CLANG_WARN_INT_CONVERSION = YES;
				CLANG_WARN_NON_LITERAL_NULL_CONVERSION = YES;
				CLANG_WARN_OBJC_IMPLICIT_RETAIN_SELF = YES;
				CLANG_WARN_OBJC_LITERAL_CONVERSION = YES;
				CLANG_WARN_OBJC_ROOT_CLASS = YES_ERROR;
				CLANG_WARN_RANGE_LOOP_ANALYSIS = YES;
				CLANG_WARN_STRICT_PROTOTYPES = YES;
				CLANG_WARN_SUSPICIOUS_MOVE = YES;
				CLANG_WARN_UNGUARDED_AVAILABILITY = YES_AGGRESSIVE;
				CLANG_WARN_UNREACHABLE_CODE = YES;
				CLANG_WARN__DUPLICATE_METHOD_MATCH = YES;
				CODE_SIGN_IDENTITY = "iPhone Developer";
				COPY_PHASE_STRIP = NO;
				DEBUG_INFORMATION_FORMAT = dwarf;
				ENABLE_STRICT_OBJC_MSGSEND = YES;
				ENABLE_TESTABILITY = YES;
				GCC_C_LANGUAGE_STANDARD = gnu11;
				GCC_DYNAMIC_NO_PIC = NO;
				GCC_NO_COMMON_BLOCKS = YES;
				GCC_OPTIMIZATION_LEVEL = 0;
				GCC_PREPROCESSOR_DEFINITIONS = (
					"DEBUG=1",
					"$(inherited)",
				);
				GCC_WARN_64_TO_32_BIT_CONVERSION = YES;
				GCC_WARN_ABOUT_RETURN_TYPE = YES_ERROR;
				GCC_WARN_UNDECLARED_SELECTOR = YES;
				GCC_WARN_UNINITIALIZED_AUTOS = YES_AGGRESSIVE;
				GCC_WARN_UNUSED_FUNCTION = YES;
				GCC_WARN_UNUSED_VARIABLE = YES;
				IPHONEOS_DEPLOYMENT_TARGET = 11.4;
				MTL_ENABLE_DEBUG_INFO = YES;
				ONLY_ACTIVE_ARCH = YES;
				SDKROOT = iphoneos;
				SWIFT_ACTIVE_COMPILATION_CONDITIONS = DEBUG;
				SWIFT_OPTIMIZATION_LEVEL = "-Onone";
			};
			name = Debug;
		};
		22D5B56E21332CC800392192 /* Release */ = {
			isa = XCBuildConfiguration;
			buildSettings = {
				ALWAYS_SEARCH_USER_PATHS = NO;
				CLANG_ANALYZER_NONNULL = YES;
				CLANG_ANALYZER_NUMBER_OBJECT_CONVERSION = YES_AGGRESSIVE;
				CLANG_CXX_LANGUAGE_STANDARD = "gnu++14";
				CLANG_CXX_LIBRARY = "libc++";
				CLANG_ENABLE_MODULES = YES;
				CLANG_ENABLE_OBJC_ARC = YES;
				CLANG_ENABLE_OBJC_WEAK = YES;
				CLANG_WARN_BLOCK_CAPTURE_AUTORELEASING = YES;
				CLANG_WARN_BOOL_CONVERSION = YES;
				CLANG_WARN_COMMA = YES;
				CLANG_WARN_CONSTANT_CONVERSION = YES;
				CLANG_WARN_DEPRECATED_OBJC_IMPLEMENTATIONS = YES;
				CLANG_WARN_DIRECT_OBJC_ISA_USAGE = YES_ERROR;
				CLANG_WARN_DOCUMENTATION_COMMENTS = YES;
				CLANG_WARN_EMPTY_BODY = YES;
				CLANG_WARN_ENUM_CONVERSION = YES;
				CLANG_WARN_INFINITE_RECURSION = YES;
				CLANG_WARN_INT_CONVERSION = YES;
				CLANG_WARN_NON_LITERAL_NULL_CONVERSION = YES;
				CLANG_WARN_OBJC_IMPLICIT_RETAIN_SELF = YES;
				CLANG_WARN_OBJC_LITERAL_CONVERSION = YES;
				CLANG_WARN_OBJC_ROOT_CLASS = YES_ERROR;
				CLANG_WARN_RANGE_LOOP_ANALYSIS = YES;
				CLANG_WARN_STRICT_PROTOTYPES = YES;
				CLANG_WARN_SUSPICIOUS_MOVE = YES;
				CLANG_WARN_UNGUARDED_AVAILABILITY = YES_AGGRESSIVE;
				CLANG_WARN_UNREACHABLE_CODE = YES;
				CLANG_WARN__DUPLICATE_METHOD_MATCH = YES;
				CODE_SIGN_IDENTITY = "iPhone Developer";
				COPY_PHASE_STRIP = NO;
				DEBUG_INFORMATION_FORMAT = "dwarf-with-dsym";
				ENABLE_NS_ASSERTIONS = NO;
				ENABLE_STRICT_OBJC_MSGSEND = YES;
				GCC_C_LANGUAGE_STANDARD = gnu11;
				GCC_NO_COMMON_BLOCKS = YES;
				GCC_WARN_64_TO_32_BIT_CONVERSION = YES;
				GCC_WARN_ABOUT_RETURN_TYPE = YES_ERROR;
				GCC_WARN_UNDECLARED_SELECTOR = YES;
				GCC_WARN_UNINITIALIZED_AUTOS = YES_AGGRESSIVE;
				GCC_WARN_UNUSED_FUNCTION = YES;
				GCC_WARN_UNUSED_VARIABLE = YES;
				IPHONEOS_DEPLOYMENT_TARGET = 11.4;
				MTL_ENABLE_DEBUG_INFO = NO;
				SDKROOT = iphoneos;
				SWIFT_COMPILATION_MODE = wholemodule;
				SWIFT_OPTIMIZATION_LEVEL = "-O";
				VALIDATE_PRODUCT = YES;
			};
			name = Release;
		};
		22D5B57021332CC800392192 /* Debug */ = {
			isa = XCBuildConfiguration;
			buildSettings = {
				ASSETCATALOG_COMPILER_APPICON_NAME = AppIcon;
				CODE_SIGN_STYLE = Automatic;
				DEVELOPMENT_TEAM = 4N7A4K7E9W;
				INFOPLIST_FILE = swoosh/Info.plist;
				LD_RUNPATH_SEARCH_PATHS = (
					"$(inherited)",
					"@executable_path/Frameworks",
				);
				PRODUCT_BUNDLE_IDENTIFIER = com.stage0x02.swoosh;
				PRODUCT_NAME = "$(TARGET_NAME)";
				SWIFT_VERSION = 4.0;
				TARGETED_DEVICE_FAMILY = "1,2";
			};
			name = Debug;
		};
		22D5B57121332CC800392192 /* Release */ = {
			isa = XCBuildConfiguration;
			buildSettings = {
				ASSETCATALOG_COMPILER_APPICON_NAME = AppIcon;
				CODE_SIGN_STYLE = Automatic;
				DEVELOPMENT_TEAM = 4N7A4K7E9W;
				INFOPLIST_FILE = swoosh/Info.plist;
				LD_RUNPATH_SEARCH_PATHS = (
					"$(inherited)",
					"@executable_path/Frameworks",
				);
				PRODUCT_BUNDLE_IDENTIFIER = com.stage0x02.swoosh;
				PRODUCT_NAME = "$(TARGET_NAME)";
				SWIFT_VERSION = 4.0;
				TARGETED_DEVICE_FAMILY = "1,2";
			};
			name = Release;
		};
/* End XCBuildConfiguration section */

/* Begin XCConfigurationList section */
		22D5B55821332CC600392192 /* Build configuration list for PBXProject "swoosh" */ = {
			isa = XCConfigurationList;
			buildConfigurations = (
				22D5B56D21332CC800392192 /* Debug */,
				22D5B56E21332CC800392192 /* Release */,
			);
			defaultConfigurationIsVisible = 0;
			defaultConfigurationName = Release;
		};
		22D5B56F21332CC800392192 /* Build configuration list for PBXNativeTarget "swoosh" */ = {
			isa = XCConfigurationList;
			buildConfigurations = (
				22D5B57021332CC800392192 /* Debug */,
				22D5B57121332CC800392192 /* Release */,
			);
			defaultConfigurationIsVisible = 0;
			defaultConfigurationName = Release;
		};
/* End XCConfigurationList section */
	};
	rootObject = 22D5B55521332CC600392192 /* Project object */;
}
